{
  "object": {
    "pins": [
      {
        "package": "Purchases",
        "repositoryURL": "https://github.com/RevenueCat/purchases-ios.git",
        "state": {
          "branch": null,
          "revision": "abcc7148c10105f57f7d8f51be931e39f51734df",
          "version": "3.7.5"
        }
      }
    ]
  },
  "version": 1
}
